
Microsoft Visual Studio Solution File, Format Version 12.00
# Visual Studio Version 17
VisualStudioVersion = 17.7.34221.43
MinimumVisualStudioVersion = 10.0.40219.1
Project("{FAE04EC0-301F-11D3-BF4B-00C04F79EFBC}") = "mquiz", "mquiz\mquiz.csproj", "{609BEF9E-278A-4A99-B2FE-746313D206F5}"
EndProject
Global
	GlobalSection(SolutionConfigurationPlatforms) = preSolution
		Debug|Any CPU = Debug|Any CPU
		Release|Any CPU = Release|Any CPU
	EndGlobalSection
	GlobalSection(ProjectConfigurationPlatforms) = postSolution
		{609BEF9E-278A-4A99-B2FE-746313D206F5}.Debug|Any CPU.ActiveCfg = Debug|Any CPU
		{609BEF9E-278A-4A99-B2FE-746313D206F5}.Debug|Any CPU.Build.0 = Debug|Any CPU
		{609BEF9E-278A-4A99-B2FE-746313D206F5}.Release|Any CPU.ActiveCfg = Release|Any CPU
		{609BEF9E-278A-4A99-B2FE-746313D206F5}.Release|Any CPU.Build.0 = Release|Any CPU
	EndGlobalSection
	GlobalSection(SolutionProperties) = preSolution
		HideSolutionNode = FALSE
	EndGlobalSection
	GlobalSection(ExtensibilityGlobals) = postSolution
		SolutionGuid = {485F27F7-0835-4D94-BFCC-E1D417A66457}
	EndGlobalSection
EndGlobal
